github.com/joho/godotenv v1.3.0 h1:Zjp+RcGpHhGlrMbJzXTrZZPrWj+1vfm90La1wgB6Bhc=
github.com/joho/godotenv v1.3.0/go.mod h1:7hK45KPybAkOC6peb+G5yklZfMxEjkZhHbwpqxOKXbg=
github.com/logrusorgru/aurora v2.0.3+incompatible h1:tOpm7WcpBTn4fjmVfgpQq0EfczGlG91VSDkswnjF5A8=
github.com/logrusorgru/aurora/v3 v3.0.0 h1:R6zcoZZbvVcGMvDCKo45A9U/lzYyzl5NfYIvznmDfE4=
github.com/logrusorgru/aurora/v3 v3.0.0/go.mod h1:vsR12bk5grlLvLXAYrBsb5Oc/N+LxAlxggSjiwMnCUc=
